{
  "requires": true,
  "lockfileVersion": 1,
  "dependencies": {
    "leaflet.markercluster": {
      "version": "1.4.1",
      "resolved": "https://registry.npmjs.org/leaflet.markercluster/-/leaflet.markercluster-1.4.1.tgz",
      "integrity": "sha512-ZSEpE/EFApR0bJ1w/dUGwTSUvWlpalKqIzkaYdYB7jaftQA/Y2Jav+eT4CMtEYFj+ZK4mswP13Q2acnPBnhGOw=="
    },
    "vue2-leaflet-markercluster": {
      "version": "3.0.0",
      "resolved": "https://registry.npmjs.org/vue2-leaflet-markercluster/-/vue2-leaflet-markercluster-3.0.0.tgz",
      "integrity": "sha512-ldApIjGWBMtC49fRPn0UdVzK2KNAWaf7XHWJrKfiX+5VckKYBdEuOAsC9HPXeb3Jx8O/QQOm04pEoFPzKqYpCg==",
      "requires": {
        "leaflet.markercluster": "^1.4.1"
      }
    },
    "vuex": {
      "version": "3.1.0",
      "resolved": "https://registry.npmjs.org/vuex/-/vuex-3.1.0.tgz",
      "integrity": "sha512-mdHeHT/7u4BncpUZMlxNaIdcN/HIt1GsGG5LKByArvYG/v6DvHcOxvDCts+7SRdCoIRGllK8IMZvQtQXLppDYg=="
    }
  }
}
